# This file is autogenerated, do not edit; changes may be undone by the next 'dep ensure'.


[[projects]]
  name = "github.com/go-sql-driver/mysql"
  packages = ["."]
  revision = "d523deb1b23d913de5bdada721a6071e71283618"
  version = "v1.4.0"

[[projects]]
  name = "github.com/jinzhu/gorm"
  packages = [
    ".",
    "dialects/mysql"
  ]
  revision = "6ed508ec6a4ecb3531899a69cbc746ccf65a4166"
  version = "v1.9.1"

[[projects]]
  branch = "master"
  name = "github.com/jinzhu/inflection"
  packages = ["."]
  revision = "04140366298a54a039076d798123ffa108fff46c"

[[projects]]
  name = "github.com/nethesis/icaro"
  packages = [
    "sun/sun-api/configuration",
    "sun/sun-api/database",
    "sun/sun-api/models"
  ]
  revision = "59f6180d3b5bb666e01d592bb328be4f585837bf"
  version = "v24"

[[projects]]
  name = "github.com/robfig/cron"
  packages = ["."]
  revision = "b41be1df696709bb6395fe435af20370037c0b4c"
  version = "v1.1"

[[projects]]
  name = "google.golang.org/appengine"
  packages = ["cloudsql"]
  revision = "b1f26356af11148e710935ed1ac8a7f5702c7612"
  version = "v1.1.0"

[solve-meta]
  analyzer-name = "dep"
  analyzer-version = 1
  inputs-digest = "c2f35a63025c1472ffc418c1dcbe73e4001aa3fa4d5f85d910a62cb1f9638d59"
  solver-name = "gps-cdcl"
  solver-version = 1
