# This file is autogenerated, do not edit; changes may be undone by the next 'dep ensure'.


[[projects]]
  name = "github.com/appleboy/gofight"
  packages = ["."]
  revision = "beadc315fb676177c07a89c34159b9ca4e1aafd9"
  version = "v2.0.0"

[[projects]]
  name = "github.com/davecgh/go-spew"
  packages = ["spew"]
  revision = "346938d642f2ec3594ed81d874461961cd0faa76"
  version = "v1.1.0"

[[projects]]
  name = "github.com/gin-contrib/cors"
  packages = ["."]
  revision = "cf4846e6a636a76237a28d9286f163c132e841bc"
  version = "v1.2"

[[projects]]
  branch = "master"
  name = "github.com/gin-contrib/sse"
  packages = ["."]
  revision = "22d885f9ecc78bf4ee5d72b937e4bbcdc58e8cae"

[[projects]]
  name = "github.com/gin-gonic/gin"
  packages = [
    ".",
    "binding",
    "render"
  ]
  revision = "d459835d2b077e44f7c9b453505ee29881d5d12d"
  version = "v1.2"

[[projects]]
  name = "github.com/go-sql-driver/mysql"
  packages = ["."]
  revision = "d523deb1b23d913de5bdada721a6071e71283618"
  version = "v1.4.0"

[[projects]]
  name = "github.com/golang/protobuf"
  packages = ["proto"]
  revision = "5a0f697c9ed9d68fef0116532c6e05cfeae00e55"

[[projects]]
  name = "github.com/jinzhu/gorm"
  packages = [
    ".",
    "dialects/mysql"
  ]
  revision = "6ed508ec6a4ecb3531899a69cbc746ccf65a4166"
  version = "v1.9.1"

[[projects]]
  branch = "master"
  name = "github.com/jinzhu/inflection"
  packages = ["."]
  revision = "04140366298a54a039076d798123ffa108fff46c"

[[projects]]
  name = "github.com/mattn/go-isatty"
  packages = ["."]
  revision = "57fdcb988a5c543893cc61bce354a6e24ab70022"

[[projects]]
  name = "github.com/nethesis/icaro"
  packages = [
    "sun/sun-api/configuration",
    "sun/sun-api/database",
    "sun/sun-api/defaults",
    "sun/sun-api/methods",
    "sun/sun-api/models",
    "sun/sun-api/utils"
  ]
  revision = "59f6180d3b5bb666e01d592bb328be4f585837bf"
  version = "v24"

[[projects]]
  name = "github.com/pmezard/go-difflib"
  packages = ["difflib"]
  revision = "792786c7400a136282c1664665ae0a8db921c6c2"
  version = "v1.0.0"

[[projects]]
  name = "github.com/stretchr/testify"
  packages = ["assert"]
  revision = "f35b8ab0b5a2cef36673838d662e249dd9c94686"
  version = "v1.2.2"

[[projects]]
  name = "github.com/ugorji/go"
  packages = ["codec"]
  revision = "c88ee250d0221a57af388746f5cf03768c21d6e2"

[[projects]]
  branch = "master"
  name = "golang.org/x/sys"
  packages = ["unix"]
  revision = "151529c776cdc58ddbe7963ba9af779f3577b419"

[[projects]]
  name = "google.golang.org/appengine"
  packages = ["cloudsql"]
  revision = "b1f26356af11148e710935ed1ac8a7f5702c7612"
  version = "v1.1.0"

[[projects]]
  branch = "v3"
  name = "gopkg.in/alexcesaro/quotedprintable.v3"
  packages = ["."]
  revision = "2caba252f4dc53eaf6b553000885530023f54623"

[[projects]]
  name = "gopkg.in/go-playground/validator.v8"
  packages = ["."]
  revision = "5f57d2222ad794d0dffb07e664ea05e2ee07d60c"
  version = "v8.18.1"

[[projects]]
  name = "gopkg.in/gomail.v2"
  packages = ["."]
  revision = "81ebce5c23dfd25c6c67194b37d3dd3f338c98b1"
  version = "2.0.0"

[[projects]]
  name = "gopkg.in/yaml.v2"
  packages = ["."]
  revision = "a5b47d31c556af34a302ce5d659e6fea44d90de0"

[solve-meta]
  analyzer-name = "dep"
  analyzer-version = 1
  inputs-digest = "9c23ed26f1e9201958e30d216a0035de7da88c0b7f7d59de2be28782b78290a6"
  solver-name = "gps-cdcl"
  solver-version = 1
